
Microsoft Visual Studio Solution File, Format Version 12.00
# Visual Studio Version 16
VisualStudioVersion = 16.0.30204.135
MinimumVisualStudioVersion = 10.0.40219.1
Project("{FAE04EC0-301F-11D3-BF4B-00C04F79EFBC}") = "PY1 IDE sql", "PY1 IDE sql.csproj", "{447D64AE-AB0A-4DB7-9722-7DFA2CAF7C5A}"
EndProject
Global
	GlobalSection(SolutionConfigurationPlatforms) = preSolution
		Debug|Any CPU = Debug|Any CPU
		Release|Any CPU = Release|Any CPU
	EndGlobalSection
	GlobalSection(ProjectConfigurationPlatforms) = postSolution
		{447D64AE-AB0A-4DB7-9722-7DFA2CAF7C5A}.Debug|Any CPU.ActiveCfg = Debug|Any CPU
		{447D64AE-AB0A-4DB7-9722-7DFA2CAF7C5A}.Debug|Any CPU.Build.0 = Debug|Any CPU
		{447D64AE-AB0A-4DB7-9722-7DFA2CAF7C5A}.Release|Any CPU.ActiveCfg = Release|Any CPU
		{447D64AE-AB0A-4DB7-9722-7DFA2CAF7C5A}.Release|Any CPU.Build.0 = Release|Any CPU
	EndGlobalSection
	GlobalSection(SolutionProperties) = preSolution
		HideSolutionNode = FALSE
	EndGlobalSection
	GlobalSection(ExtensibilityGlobals) = postSolution
		SolutionGuid = {10C21F44-995A-4783-8CE3-23B838A7CC26}
	EndGlobalSection
EndGlobal
